// !$*UTF8*$!
{
	archiveVersion = 1;
	classes = {
	};
	objectVersion = 50;
	objects = {

/* Begin PBXBuildFile section */
		0CB8F21A23F362A30069B422 /* AppDelegate.swift in Sources */ = {isa = PBXBuildFile; fileRef = 0CB8F21923F362A30069B422 /* AppDelegate.swift */; };
		0CB8F21C23F362A30069B422 /* SceneDelegate.swift in Sources */ = {isa = PBXBuildFile; fileRef = 0CB8F21B23F362A30069B422 /* SceneDelegate.swift */; };
		0CB8F21E23F362A30069B422 /* ContentView.swift in Sources */ = {isa = PBXBuildFile; fileRef = 0CB8F21D23F362A30069B422 /* ContentView.swift */; };
		0CB8F22023F362A50069B422 /* Assets.xcassets in Resources */ = {isa = PBXBuildFile; fileRef = 0CB8F21F23F362A50069B422 /* Assets.xcassets */; };
		0CB8F22323F362A50069B422 /* Preview Assets.xcassets in Resources */ = {isa = PBXBuildFile; fileRef = 0CB8F22223F362A50069B422 /* Preview Assets.xcassets */; };
		0CB8F22623F362A50069B422 /* LaunchScreen.storyboard in Resources */ = {isa = PBXBuildFile; fileRef = 0CB8F22423F362A50069B422 /* LaunchScreen.storyboard */; };
		0CB8F23123F362A50069B422 /* RW_Swift_TutTests.swift in Sources */ = {isa = PBXBuildFile; fileRef = 0CB8F23023F362A50069B422 /* RW_Swift_TutTests.swift */; };
/* End PBXBuildFile section */

/* Begin PBXContainerItemProxy section */
		0CB8F22D23F362A50069B422 /* PBXContainerItemProxy */ = {
			isa = PBXContainerItemProxy;
			containerPortal = 0CB8F20E23F362A30069B422 /* Project object */;
			proxyType = 1;
			remoteGlobalIDString = 0CB8F21523F362A30069B422;
			remoteInfo = "RW-Swift-Tut";
		};
/* End PBXContainerItemProxy section */

/* Begin PBXFileReference section */
		0CB8F21623F362A30069B422 /* RW-Swift-Tut.app */ = {isa = PBXFileReference; explicitFileType = wrapper.application; includeInIndex = 0; path = "RW-Swift-Tut.app"; sourceTree = BUILT_PRODUCTS_DIR; };
		0CB8F21923F362A30069B422 /* AppDelegate.swift */ = {isa = PBXFileReference; lastKnownFileType = sourcecode.swift; path = AppDelegate.swift; sourceTree = "<group>"; };
		0CB8F21B23F362A30069B422 /* SceneDelegate.swift */ = {isa = PBXFileReference; lastKnownFileType = sourcecode.swift; path = SceneDelegate.swift; sourceTree = "<group>"; };
		0CB8F21D23F362A30069B422 /* ContentView.swift */ = {isa = PBXFileReference; lastKnownFileType = sourcecode.swift; path = ContentView.swift; sourceTree = "<group>"; };
		0CB8F21F23F362A50069B422 /* Assets.xcassets */ = {isa = PBXFileReference; lastKnownFileType = folder.assetcatalog; path = Assets.xcassets; sourceTree = "<group>"; };
		0CB8F22223F362A50069B422 /* Preview Assets.xcassets */ = {isa = PBXFileReference; lastKnownFileType = folder.assetcatalog; path = "Preview Assets.xcassets"; sourceTree = "<group>"; };
		0CB8F22523F362A50069B422 /* Base */ = {isa = PBXFileReference; lastKnownFileType = file.storyboard; name = Base; path = Base.lproj/LaunchScreen.storyboard; sourceTree = "<group>"; };
		0CB8F22723F362A50069B422 /* Info.plist */ = {isa = PBXFileReference; lastKnownFileType = text.plist.xml; path = Info.plist; sourceTree = "<group>"; };
		0CB8F22C23F362A50069B422 /* RW-Swift-TutTests.xctest */ = {isa = PBXFileReference; explicitFileType = wrapper.cfbundle; includeInIndex = 0; path = "RW-Swift-TutTests.xctest"; sourceTree = BUILT_PRODUCTS_DIR; };
		0CB8F23023F362A50069B422 /* RW_Swift_TutTests.swift */ = {isa = PBXFileReference; lastKnownFileType = sourcecode.swift; path = RW_Swift_TutTests.swift; sourceTree = "<group>"; };
		0CB8F23223F362A50069B422 /* Info.plist */ = {isa = PBXFileReference; lastKnownFileType = text.plist.xml; path = Info.plist; sourceTree = "<group>"; };
/* End PBXFileReference section */

/* Begin PBXFrameworksBuildPhase section */
		0CB8F21323F362A30069B422 /* Frameworks */ = {
			isa = PBXFrameworksBuildPhase;
			buildActionMask = 2147483647;
			files = (
			);
			runOnlyForDeploymentPostprocessing = 0;
		};
		0CB8F22923F362A50069B422 /* Frameworks */ = {
			isa = PBXFrameworksBuildPhase;
			buildActionMask = 2147483647;
			files = (
			);
			runOnlyForDeploymentPostprocessing = 0;
		};
/* End PBXFrameworksBuildPhase section */

/* Begin PBXGroup section */
		0CB8F20D23F362A30069B422 = {
			isa = PBXGroup;
			children = (
				0CB8F21823F362A30069B422 /* RW-Swift-Tut */,
				0CB8F22F23F362A50069B422 /* RW-Swift-TutTests */,
				0CB8F21723F362A30069B422 /* Products */,
			);
			sourceTree = "<group>";
		};
		0CB8F21723F362A30069B422 /* Products */ = {
			isa = PBXGroup;
			children = (
				0CB8F21623F362A30069B422 /* RW-Swift-Tut.app */,
				0CB8F22C23F362A50069B422 /* RW-Swift-TutTests.xctest */,
			);
			name = Products;
			sourceTree = "<group>";
		};
		0CB8F21823F362A30069B422 /* RW-Swift-Tut */ = {
			isa = PBXGroup;
			children = (
				0CB8F21923F362A30069B422 /* AppDelegate.swift */,
				0CB8F21B23F362A30069B422 /* SceneDelegate.swift */,
				0CB8F21D23F362A30069B422 /* ContentView.swift */,
				0CB8F21F23F362A50069B422 /* Assets.xcassets */,
				0CB8F22423F362A50069B422 /* LaunchScreen.storyboard */,
				0CB8F22723F362A50069B422 /* Info.plist */,
				0CB8F22123F362A50069B422 /* Preview Content */,
			);
			path = "RW-Swift-Tut";
			sourceTree = "<group>";
		};
		0CB8F22123F362A50069B422 /* Preview Content */ = {
			isa = PBXGroup;
			children = (
				0CB8F22223F362A50069B422 /* Preview Assets.xcassets */,
			);
			path = "Preview Content";
			sourceTree = "<group>";
		};
		0CB8F22F23F362A50069B422 /* RW-Swift-TutTests */ = {
			isa = PBXGroup;
			children = (
				0CB8F23023F362A50069B422 /* RW_Swift_TutTests.swift */,
				0CB8F23223F362A50069B422 /* Info.plist */,
			);
			path = "RW-Swift-TutTests";
			sourceTree = "<group>";
		};
/* End PBXGroup section */

/* Begin PBXNativeTarget section */
		0CB8F21523F362A30069B422 /* RW-Swift-Tut */ = {
			isa = PBXNativeTarget;
			buildConfigurationList = 0CB8F23523F362A50069B422 /* Build configuration list for PBXNativeTarget "RW-Swift-Tut" */;
			buildPhases = (
				0CB8F21223F362A30069B422 /* Sources */,
				0CB8F21323F362A30069B422 /* Frameworks */,
				0CB8F21423F362A30069B422 /* Resources */,
			);
			buildRules = (
			);
			dependencies = (
			);
			name = "RW-Swift-Tut";
			productName = "RW-Swift-Tut";
			productReference = 0CB8F21623F362A30069B422 /* RW-Swift-Tut.app */;
			productType = "com.apple.product-type.application";
		};
		0CB8F22B23F362A50069B422 /* RW-Swift-TutTests */ = {
			isa = PBXNativeTarget;
			buildConfigurationList = 0CB8F23823F362A50069B422 /* Build configuration list for PBXNativeTarget "RW-Swift-TutTests" */;
			buildPhases = (
				0CB8F22823F362A50069B422 /* Sources */,
				0CB8F22923F362A50069B422 /* Frameworks */,
				0CB8F22A23F362A50069B422 /* Resources */,
			);
			buildRules = (
			);
			dependencies = (
				0CB8F22E23F362A50069B422 /* PBXTargetDependency */,
			);
			name = "RW-Swift-TutTests";
			productName = "RW-Swift-TutTests";
			productReference = 0CB8F22C23F362A50069B422 /* RW-Swift-TutTests.xctest */;
			productType = "com.apple.product-type.bundle.unit-test";
		};
/* End PBXNativeTarget section */

/* Begin PBXProject section */
		0CB8F20E23F362A30069B422 /* Project object */ = {
			isa = PBXProject;
			attributes = {
				LastSwiftUpdateCheck = 1130;
				LastUpgradeCheck = 1130;
				ORGANIZATIONNAME = "Quinne Farenwald";
				TargetAttributes = {
					0CB8F21523F362A30069B422 = {
						CreatedOnToolsVersion = 11.3.1;
					};
					0CB8F22B23F362A50069B422 = {
						CreatedOnToolsVersion = 11.3.1;
						TestTargetID = 0CB8F21523F362A30069B422;
					};
				};
			};
			buildConfigurationList = 0CB8F21123F362A30069B422 /* Build configuration list for PBXProject "RW-Swift-Tut" */;
			compatibilityVersion = "Xcode 9.3";
			developmentRegion = en;
			hasScannedForEncodings = 0;
			knownRegions = (
				en,
				Base,
			);
			mainGroup = 0CB8F20D23F362A30069B422;
			productRefGroup = 0CB8F21723F362A30069B422 /* Products */;
			projectDirPath = "";
			projectRoot = "";
			targets = (
				0CB8F21523F362A30069B422 /* RW-Swift-Tut */,
				0CB8F22B23F362A50069B422 /* RW-Swift-TutTests */,
			);
		};
/* End PBXProject section */

/* Begin PBXResourcesBuildPhase section */
		0CB8F21423F362A30069B422 /* Resources */ = {
			isa = PBXResourcesBuildPhase;
			buildActionMask = 2147483647;
			files = (
				0CB8F22623F362A50069B422 /* LaunchScreen.storyboard in Resources */,
				0CB8F22323F362A50069B422 /* Preview Assets.xcassets in Resources */,
				0CB8F22023F362A50069B422 /* Assets.xcassets in Resources */,
			);
			runOnlyForDeploymentPostprocessing = 0;
		};
		0CB8F22A23F362A50069B422 /* Resources */ = {
			isa = PBXResourcesBuildPhase;
			buildActionMask = 2147483647;
			files = (
			);
			runOnlyForDeploymentPostprocessing = 0;
		};
/* End PBXResourcesBuildPhase section */

/* Begin PBXSourcesBuildPhase section */
		0CB8F21223F362A30069B422 /* Sources */ = {
			isa = PBXSourcesBuildPhase;
			buildActionMask = 2147483647;
			files = (
				0CB8F21A23F362A30069B422 /* AppDelegate.swift in Sources */,
				0CB8F21C23F362A30069B422 /* SceneDelegate.swift in Sources */,
				0CB8F21E23F362A30069B422 /* ContentView.swift in Sources */,
			);
			runOnlyForDeploymentPostprocessing = 0;
		};
		0CB8F22823F362A50069B422 /* Sources */ = {
			isa = PBXSourcesBuildPhase;
			buildActionMask = 2147483647;
			files = (
				0CB8F23123F362A50069B422 /* RW_Swift_TutTests.swift in Sources */,
			);
			runOnlyForDeploymentPostprocessing = 0;
		};
/* End PBXSourcesBuildPhase section */

/* Begin PBXTargetDependency section */
		0CB8F22E23F362A50069B422 /* PBXTargetDependency */ = {
			isa = PBXTargetDependency;
			target = 0CB8F21523F362A30069B422 /* RW-Swift-Tut */;
			targetProxy = 0CB8F22D23F362A50069B422 /* PBXContainerItemProxy */;
		};
/* End PBXTargetDependency section */

/* Begin PBXVariantGroup section */
		0CB8F22423F362A50069B422 /* LaunchScreen.storyboard */ = {
			isa = PBXVariantGroup;
			children = (
				0CB8F22523F362A50069B422 /* Base */,
			);
			name = LaunchScreen.storyboard;
			sourceTree = "<group>";
		};
/* End PBXVariantGroup section */

/* Begin XCBuildConfiguration section */
		0CB8F23323F362A50069B422 /* Debug */ = {
			isa = XCBuildConfiguration;
			buildSettings = {
				ALWAYS_SEARCH_USER_PATHS = NO;
				CLANG_ANALYZER_NONNULL = YES;
				CLANG_ANALYZER_NUMBER_OBJECT_CONVERSION = YES_AGGRESSIVE;
				CLANG_CXX_LANGUAGE_STANDARD = "gnu++14";
				CLANG_CXX_LIBRARY = "libc++";
				CLANG_ENABLE_MODULES = YES;
				CLANG_ENABLE_OBJC_ARC = YES;
				CLANG_ENABLE_OBJC_WEAK = YES;
				CLANG_WARN_BLOCK_CAPTURE_AUTORELEASING = YES;
				CLANG_WARN_BOOL_CONVERSION = YES;
				CLANG_WARN_COMMA = YES;
				CLANG_WARN_CONSTANT_CONVERSION = YES;
				CLANG_WARN_DEPRECATED_OBJC_IMPLEMENTATIONS = YES;
				CLANG_WARN_DIRECT_OBJC_ISA_USAGE = YES_ERROR;
				CLANG_WARN_DOCUMENTATION_COMMENTS = YES;
				CLANG_WARN_EMPTY_BODY = YES;
				CLANG_WARN_ENUM_CONVERSION = YES;
				CLANG_WARN_INFINITE_RECURSION = YES;
				CLANG_WARN_INT_CONVERSION = YES;
				CLANG_WARN_NON_LITERAL_NULL_CONVERSION = YES;
				CLANG_WARN_OBJC_IMPLICIT_RETAIN_SELF = YES;
				CLANG_WARN_OBJC_LITERAL_CONVERSION = YES;
				CLANG_WARN_OBJC_ROOT_CLASS = YES_ERROR;
				CLANG_WARN_RANGE_LOOP_ANALYSIS = YES;
				CLANG_WARN_STRICT_PROTOTYPES = YES;
				CLANG_WARN_SUSPICIOUS_MOVE = YES;
				CLANG_WARN_UNGUARDED_AVAILABILITY = YES_AGGRESSIVE;
				CLANG_WARN_UNREACHABLE_CODE = YES;
				CLANG_WARN__DUPLICATE_METHOD_MATCH = YES;
				COPY_PHASE_STRIP = NO;
				DEBUG_INFORMATION_FORMAT = dwarf;
				ENABLE_STRICT_OBJC_MSGSEND = YES;
				ENABLE_TESTABILITY = YES;
				GCC_C_LANGUAGE_STANDARD = gnu11;
				GCC_DYNAMIC_NO_PIC = NO;
				GCC_NO_COMMON_BLOCKS = YES;
				GCC_OPTIMIZATION_LEVEL = 0;
				GCC_PREPROCESSOR_DEFINITIONS = (
					"DEBUG=1",
					"$(inherited)",
				);
				GCC_WARN_64_TO_32_BIT_CONVERSION = YES;
				GCC_WARN_ABOUT_RETURN_TYPE = YES_ERROR;
				GCC_WARN_UNDECLARED_SELECTOR = YES;
				GCC_WARN_UNINITIALIZED_AUTOS = YES_AGGRESSIVE;
				GCC_WARN_UNUSED_FUNCTION = YES;
				GCC_WARN_UNUSED_VARIABLE = YES;
				IPHONEOS_DEPLOYMENT_TARGET = 13.2;
				MTL_ENABLE_DEBUG_INFO = INCLUDE_SOURCE;
				MTL_FAST_MATH = YES;
				ONLY_ACTIVE_ARCH = YES;
				SDKROOT = iphoneos;
				SWIFT_ACTIVE_COMPILATION_CONDITIONS = DEBUG;
				SWIFT_OPTIMIZATION_LEVEL = "-Onone";
			};
			name = Debug;
		};
		0CB8F23423F362A50069B422 /* Release */ = {
			isa = XCBuildConfiguration;
			buildSettings = {
				ALWAYS_SEARCH_USER_PATHS = NO;
				CLANG_ANALYZER_NONNULL = YES;
				CLANG_ANALYZER_NUMBER_OBJECT_CONVERSION = YES_AGGRESSIVE;
				CLANG_CXX_LANGUAGE_STANDARD = "gnu++14";
				CLANG_CXX_LIBRARY = "libc++";
				CLANG_ENABLE_MODULES = YES;
				CLANG_ENABLE_OBJC_ARC = YES;
				CLANG_ENABLE_OBJC_WEAK = YES;
				CLANG_WARN_BLOCK_CAPTURE_AUTORELEASING = YES;
				CLANG_WARN_BOOL_CONVERSION = YES;
				CLANG_WARN_COMMA = YES;
				CLANG_WARN_CONSTANT_CONVERSION = YES;
				CLANG_WARN_DEPRECATED_OBJC_IMPLEMENTATIONS = YES;
				CLANG_WARN_DIRECT_OBJC_ISA_USAGE = YES_ERROR;
				CLANG_WARN_DOCUMENTATION_COMMENTS = YES;
				CLANG_WARN_EMPTY_BODY = YES;
				CLANG_WARN_ENUM_CONVERSION = YES;
				CLANG_WARN_INFINITE_RECURSION = YES;
				CLANG_WARN_INT_CONVERSION = YES;
				CLANG_WARN_NON_LITERAL_NULL_CONVERSION = YES;
				CLANG_WARN_OBJC_IMPLICIT_RETAIN_SELF = YES;
				CLANG_WARN_OBJC_LITERAL_CONVERSION = YES;
				CLANG_WARN_OBJC_ROOT_CLASS = YES_ERROR;
				CLANG_WARN_RANGE_LOOP_ANALYSIS = YES;
				CLANG_WARN_STRICT_PROTOTYPES = YES;
				CLANG_WARN_SUSPICIOUS_MOVE = YES;
				CLANG_WARN_UNGUARDED_AVAILABILITY = YES_AGGRESSIVE;
				CLANG_WARN_UNREACHABLE_CODE = YES;
				CLANG_WARN__DUPLICATE_METHOD_MATCH = YES;
				COPY_PHASE_STRIP = NO;
				DEBUG_INFORMATION_FORMAT = "dwarf-with-dsym";
				ENABLE_NS_ASSERTIONS = NO;
				ENABLE_STRICT_OBJC_MSGSEND = YES;
				GCC_C_LANGUAGE_STANDARD = gnu11;
				GCC_NO_COMMON_BLOCKS = YES;
				GCC_WARN_64_TO_32_BIT_CONVERSION = YES;
				GCC_WARN_ABOUT_RETURN_TYPE = YES_ERROR;
				GCC_WARN_UNDECLARED_SELECTOR = YES;
				GCC_WARN_UNINITIALIZED_AUTOS = YES_AGGRESSIVE;
				GCC_WARN_UNUSED_FUNCTION = YES;
				GCC_WARN_UNUSED_VARIABLE = YES;
				IPHONEOS_DEPLOYMENT_TARGET = 13.2;
				MTL_ENABLE_DEBUG_INFO = NO;
				MTL_FAST_MATH = YES;
				SDKROOT = iphoneos;
				SWIFT_COMPILATION_MODE = wholemodule;
				SWIFT_OPTIMIZATION_LEVEL = "-O";
				VALIDATE_PRODUCT = YES;
			};
			name = Release;
		};
		0CB8F23623F362A50069B422 /* Debug */ = {
			isa = XCBuildConfiguration;
			buildSettings = {
				ASSETCATALOG_COMPILER_APPICON_NAME = AppIcon;
				CODE_SIGN_STYLE = Automatic;
				DEVELOPMENT_ASSET_PATHS = "\"RW-Swift-Tut/Preview Content\"";
				ENABLE_PREVIEWS = YES;
				INFOPLIST_FILE = "RW-Swift-Tut/Info.plist";
				LD_RUNPATH_SEARCH_PATHS = (
					"$(inherited)",
					"@executable_path/Frameworks",
				);
				PRODUCT_BUNDLE_IDENTIFIER = "com.example.RW-Swift-Tut";
				PRODUCT_NAME = "$(TARGET_NAME)";
				SWIFT_VERSION = 5.0;
				TARGETED_DEVICE_FAMILY = "1,2";
			};
			name = Debug;
		};
		0CB8F23723F362A50069B422 /* Release */ = {
			isa = XCBuildConfiguration;
			buildSettings = {
				ASSETCATALOG_COMPILER_APPICON_NAME = AppIcon;
				CODE_SIGN_STYLE = Automatic;
				DEVELOPMENT_ASSET_PATHS = "\"RW-Swift-Tut/Preview Content\"";
				ENABLE_PREVIEWS = YES;
				INFOPLIST_FILE = "RW-Swift-Tut/Info.plist";
				LD_RUNPATH_SEARCH_PATHS = (
					"$(inherited)",
					"@executable_path/Frameworks",
				);
				PRODUCT_BUNDLE_IDENTIFIER = "com.example.RW-Swift-Tut";
				PRODUCT_NAME = "$(TARGET_NAME)";
				SWIFT_VERSION = 5.0;
				TARGETED_DEVICE_FAMILY = "1,2";
			};
			name = Release;
		};
		0CB8F23923F362A50069B422 /* Debug */ = {
			isa = XCBuildConfiguration;
			buildSettings = {
				ALWAYS_EMBED_SWIFT_STANDARD_LIBRARIES = YES;
				BUNDLE_LOADER = "$(TEST_HOST)";
				CODE_SIGN_STYLE = Automatic;
				INFOPLIST_FILE = "RW-Swift-TutTests/Info.plist";
				IPHONEOS_DEPLOYMENT_TARGET = 13.2;
				LD_RUNPATH_SEARCH_PATHS = (
					"$(inherited)",
					"@executable_path/Frameworks",
					"@loader_path/Frameworks",
				);
				PRODUCT_BUNDLE_IDENTIFIER = "com.example.RW-Swift-TutTests";
				PRODUCT_NAME = "$(TARGET_NAME)";
				SWIFT_VERSION = 5.0;
				TARGETED_DEVICE_FAMILY = "1,2";
				TEST_HOST = "$(BUILT_PRODUCTS_DIR)/RW-Swift-Tut.app/RW-Swift-Tut";
			};
			name = Debug;
		};
		0CB8F23A23F362A50069B422 /* Release */ = {
			isa = XCBuildConfiguration;
			buildSettings = {
				ALWAYS_EMBED_SWIFT_STANDARD_LIBRARIES = YES;
				BUNDLE_LOADER = "$(TEST_HOST)";
				CODE_SIGN_STYLE = Automatic;
				INFOPLIST_FILE = "RW-Swift-TutTests/Info.plist";
				IPHONEOS_DEPLOYMENT_TARGET = 13.2;
				LD_RUNPATH_SEARCH_PATHS = (
					"$(inherited)",
					"@executable_path/Frameworks",
					"@loader_path/Frameworks",
				);
				PRODUCT_BUNDLE_IDENTIFIER = "com.example.RW-Swift-TutTests";
				PRODUCT_NAME = "$(TARGET_NAME)";
				SWIFT_VERSION = 5.0;
				TARGETED_DEVICE_FAMILY = "1,2";
				TEST_HOST = "$(BUILT_PRODUCTS_DIR)/RW-Swift-Tut.app/RW-Swift-Tut";
			};
			name = Release;
		};
/* End XCBuildConfiguration section */

/* Begin XCConfigurationList section */
		0CB8F21123F362A30069B422 /* Build configuration list for PBXProject "RW-Swift-Tut" */ = {
			isa = XCConfigurationList;
			buildConfigurations = (
				0CB8F23323F362A50069B422 /* Debug */,
				0CB8F23423F362A50069B422 /* Release */,
			);
			defaultConfigurationIsVisible = 0;
			defaultConfigurationName = Release;
		};
		0CB8F23523F362A50069B422 /* Build configuration list for PBXNativeTarget "RW-Swift-Tut" */ = {
			isa = XCConfigurationList;
			buildConfigurations = (
				0CB8F23623F362A50069B422 /* Debug */,
				0CB8F23723F362A50069B422 /* Release */,
			);
			defaultConfigurationIsVisible = 0;
			defaultConfigurationName = Release;
		};
		0CB8F23823F362A50069B422 /* Build configuration list for PBXNativeTarget "RW-Swift-TutTests" */ = {
			isa = XCConfigurationList;
			buildConfigurations = (
				0CB8F23923F362A50069B422 /* Debug */,
				0CB8F23A23F362A50069B422 /* Release */,
			);
			defaultConfigurationIsVisible = 0;
			defaultConfigurationName = Release;
		};
/* End XCConfigurationList section */
	};
	rootObject = 0CB8F20E23F362A30069B422 /* Project object */;
}
